
Microsoft Visual Studio Solution File, Format Version 12.00
# Visual Studio Version 16
VisualStudioVersion = 16.0.29911.84
MinimumVisualStudioVersion = 10.0.40219.1
Project("{FAE04EC0-301F-11D3-BF4B-00C04F79EFBC}") = "ДЗ№2 DaysOfWeek", "ДЗ№2\ДЗ№2 DaysOfWeek.csproj", "{DFEB90F2-5795-4FCE-BFF6-9468D0D7345A}"
EndProject
Project("{FAE04EC0-301F-11D3-BF4B-00C04F79EFBC}") = "ДЗ№2 Multiply", "ДЗ№2 Multiply\ДЗ№2 Multiply.csproj", "{5A0428DB-AD39-46D6-952B-807490A9E825}"
EndProject
Global
	GlobalSection(SolutionConfigurationPlatforms) = preSolution
		Debug|Any CPU = Debug|Any CPU
		Release|Any CPU = Release|Any CPU
	EndGlobalSection
	GlobalSection(ProjectConfigurationPlatforms) = postSolution
		{DFEB90F2-5795-4FCE-BFF6-9468D0D7345A}.Debug|Any CPU.ActiveCfg = Debug|Any CPU
		{DFEB90F2-5795-4FCE-BFF6-9468D0D7345A}.Debug|Any CPU.Build.0 = Debug|Any CPU
		{DFEB90F2-5795-4FCE-BFF6-9468D0D7345A}.Release|Any CPU.ActiveCfg = Release|Any CPU
		{DFEB90F2-5795-4FCE-BFF6-9468D0D7345A}.Release|Any CPU.Build.0 = Release|Any CPU
		{5A0428DB-AD39-46D6-952B-807490A9E825}.Debug|Any CPU.ActiveCfg = Debug|Any CPU
		{5A0428DB-AD39-46D6-952B-807490A9E825}.Debug|Any CPU.Build.0 = Debug|Any CPU
		{5A0428DB-AD39-46D6-952B-807490A9E825}.Release|Any CPU.ActiveCfg = Release|Any CPU
		{5A0428DB-AD39-46D6-952B-807490A9E825}.Release|Any CPU.Build.0 = Release|Any CPU
	EndGlobalSection
	GlobalSection(SolutionProperties) = preSolution
		HideSolutionNode = FALSE
	EndGlobalSection
	GlobalSection(ExtensibilityGlobals) = postSolution
		SolutionGuid = {0838F396-FA76-4B80-BD28-854A9731A32B}
	EndGlobalSection
EndGlobal
