
Microsoft Visual Studio Solution File, Format Version 12.00
# Visual Studio Version 16
VisualStudioVersion = 16.0.29911.84
MinimumVisualStudioVersion = 10.0.40219.1
Project("{9A19103F-16F7-4668-BE54-9A1E7A4F7556}") = "GoodMoodProvider", "GoodMoodProvider\GoodMoodProvider.csproj", "{6610E223-1D75-4E00-9547-8C221F0ACCD0}"
EndProject
Project("{9A19103F-16F7-4668-BE54-9A1E7A4F7556}") = "RepositoryLibrary", "RepositoryLibrary\RepositoryLibrary.csproj", "{6674DF6F-5120-429C-A29D-110EBD0183AA}"
EndProject
Project("{9A19103F-16F7-4668-BE54-9A1E7A4F7556}") = "ModelsLibrary", "ModelsLibrary\ModelsLibrary.csproj", "{4A924A63-0753-409B-885A-5F9B164C2795}"
EndProject
Project("{9A19103F-16F7-4668-BE54-9A1E7A4F7556}") = "ContextLibrary", "ContextLibrary\ContextLibrary.csproj", "{582C49A5-8675-4BD0-82CD-313177863FFC}"
EndProject
Project("{9A19103F-16F7-4668-BE54-9A1E7A4F7556}") = "NewsUploader", "NewsUploader\NewsUploader.csproj", "{AACDE732-BE3F-453E-8CB0-30A1E4473FFE}"
EndProject
Project("{9A19103F-16F7-4668-BE54-9A1E7A4F7556}") = "APIGoodMoodProvider", "APIGoodMoodProvider\APIGoodMoodProvider\APIGoodMoodProvider.csproj", "{1F00BAB7-398A-4095-A0FC-CAF56C742A16}"
EndProject
Project("{9A19103F-16F7-4668-BE54-9A1E7A4F7556}") = "UserService", "UserService\UserService.csproj", "{450A49AB-D0CD-48CD-AC3C-C0F2028AB67E}"
EndProject
Project("{9A19103F-16F7-4668-BE54-9A1E7A4F7556}") = "CqsLibrary", "CqsLibrary\CqsLibrary.csproj", "{0BAC157D-2CBB-4DCC-9BB5-3308E8D949B6}"
EndProject
Global
	GlobalSection(SolutionConfigurationPlatforms) = preSolution
		Debug|Any CPU = Debug|Any CPU
		Release|Any CPU = Release|Any CPU
	EndGlobalSection
	GlobalSection(ProjectConfigurationPlatforms) = postSolution
		{6610E223-1D75-4E00-9547-8C221F0ACCD0}.Debug|Any CPU.ActiveCfg = Debug|Any CPU
		{6610E223-1D75-4E00-9547-8C221F0ACCD0}.Debug|Any CPU.Build.0 = Debug|Any CPU
		{6610E223-1D75-4E00-9547-8C221F0ACCD0}.Release|Any CPU.ActiveCfg = Release|Any CPU
		{6610E223-1D75-4E00-9547-8C221F0ACCD0}.Release|Any CPU.Build.0 = Release|Any CPU
		{6674DF6F-5120-429C-A29D-110EBD0183AA}.Debug|Any CPU.ActiveCfg = Debug|Any CPU
		{6674DF6F-5120-429C-A29D-110EBD0183AA}.Debug|Any CPU.Build.0 = Debug|Any CPU
		{6674DF6F-5120-429C-A29D-110EBD0183AA}.Release|Any CPU.ActiveCfg = Release|Any CPU
		{6674DF6F-5120-429C-A29D-110EBD0183AA}.Release|Any CPU.Build.0 = Release|Any CPU
		{4A924A63-0753-409B-885A-5F9B164C2795}.Debug|Any CPU.ActiveCfg = Debug|Any CPU
		{4A924A63-0753-409B-885A-5F9B164C2795}.Debug|Any CPU.Build.0 = Debug|Any CPU
		{4A924A63-0753-409B-885A-5F9B164C2795}.Release|Any CPU.ActiveCfg = Release|Any CPU
		{4A924A63-0753-409B-885A-5F9B164C2795}.Release|Any CPU.Build.0 = Release|Any CPU
		{582C49A5-8675-4BD0-82CD-313177863FFC}.Debug|Any CPU.ActiveCfg = Debug|Any CPU
		{582C49A5-8675-4BD0-82CD-313177863FFC}.Debug|Any CPU.Build.0 = Debug|Any CPU
		{582C49A5-8675-4BD0-82CD-313177863FFC}.Release|Any CPU.ActiveCfg = Release|Any CPU
		{582C49A5-8675-4BD0-82CD-313177863FFC}.Release|Any CPU.Build.0 = Release|Any CPU
		{AACDE732-BE3F-453E-8CB0-30A1E4473FFE}.Debug|Any CPU.ActiveCfg = Debug|Any CPU
		{AACDE732-BE3F-453E-8CB0-30A1E4473FFE}.Debug|Any CPU.Build.0 = Debug|Any CPU
		{AACDE732-BE3F-453E-8CB0-30A1E4473FFE}.Release|Any CPU.ActiveCfg = Release|Any CPU
		{AACDE732-BE3F-453E-8CB0-30A1E4473FFE}.Release|Any CPU.Build.0 = Release|Any CPU
		{1F00BAB7-398A-4095-A0FC-CAF56C742A16}.Debug|Any CPU.ActiveCfg = Debug|Any CPU
		{1F00BAB7-398A-4095-A0FC-CAF56C742A16}.Debug|Any CPU.Build.0 = Debug|Any CPU
		{1F00BAB7-398A-4095-A0FC-CAF56C742A16}.Release|Any CPU.ActiveCfg = Release|Any CPU
		{1F00BAB7-398A-4095-A0FC-CAF56C742A16}.Release|Any CPU.Build.0 = Release|Any CPU
		{450A49AB-D0CD-48CD-AC3C-C0F2028AB67E}.Debug|Any CPU.ActiveCfg = Debug|Any CPU
		{450A49AB-D0CD-48CD-AC3C-C0F2028AB67E}.Debug|Any CPU.Build.0 = Debug|Any CPU
		{450A49AB-D0CD-48CD-AC3C-C0F2028AB67E}.Release|Any CPU.ActiveCfg = Release|Any CPU
		{450A49AB-D0CD-48CD-AC3C-C0F2028AB67E}.Release|Any CPU.Build.0 = Release|Any CPU
		{0BAC157D-2CBB-4DCC-9BB5-3308E8D949B6}.Debug|Any CPU.ActiveCfg = Debug|Any CPU
		{0BAC157D-2CBB-4DCC-9BB5-3308E8D949B6}.Debug|Any CPU.Build.0 = Debug|Any CPU
		{0BAC157D-2CBB-4DCC-9BB5-3308E8D949B6}.Release|Any CPU.ActiveCfg = Release|Any CPU
		{0BAC157D-2CBB-4DCC-9BB5-3308E8D949B6}.Release|Any CPU.Build.0 = Release|Any CPU
	EndGlobalSection
	GlobalSection(SolutionProperties) = preSolution
		HideSolutionNode = FALSE
	EndGlobalSection
	GlobalSection(ExtensibilityGlobals) = postSolution
		SolutionGuid = {1CE3DB10-F110-464E-BFFC-13F79CC77FDA}
	EndGlobalSection
EndGlobal
