
Microsoft Visual Studio Solution File, Format Version 12.00
# Visual Studio Version 16
VisualStudioVersion = 16.0.29911.84
MinimumVisualStudioVersion = 10.0.40219.1
Project("{FAE04EC0-301F-11D3-BF4B-00C04F79EFBC}") = "GoodMoodProvide", "GoodMoodProvide\GoodMoodProvide.csproj", "{187B9482-7173-4F7A-8D9D-37D172CE6EF9}"
EndProject
Global
	GlobalSection(SolutionConfigurationPlatforms) = preSolution
		Debug|Any CPU = Debug|Any CPU
		Release|Any CPU = Release|Any CPU
	EndGlobalSection
	GlobalSection(ProjectConfigurationPlatforms) = postSolution
		{187B9482-7173-4F7A-8D9D-37D172CE6EF9}.Debug|Any CPU.ActiveCfg = Debug|Any CPU
		{187B9482-7173-4F7A-8D9D-37D172CE6EF9}.Debug|Any CPU.Build.0 = Debug|Any CPU
		{187B9482-7173-4F7A-8D9D-37D172CE6EF9}.Release|Any CPU.ActiveCfg = Release|Any CPU
		{187B9482-7173-4F7A-8D9D-37D172CE6EF9}.Release|Any CPU.Build.0 = Release|Any CPU
	EndGlobalSection
	GlobalSection(SolutionProperties) = preSolution
		HideSolutionNode = FALSE
	EndGlobalSection
	GlobalSection(ExtensibilityGlobals) = postSolution
		SolutionGuid = {79746715-6923-4E87-9ADA-675B5B9105C5}
	EndGlobalSection
EndGlobal
